
Microsoft Visual Studio Solution File, Format Version 12.00
# Visual Studio Version 17
VisualStudioVersion = 17.7.33913.275
MinimumVisualStudioVersion = 10.0.40219.1
Project("{2150E333-8FDC-42A3-9474-1A3956D46DE8}") = "Solution Items", "Solution Items", "{0EE415AA-B50D-47C5-99D6-8367E2FA691C}"
	ProjectSection(SolutionItems) = preProject
		.gitignore = .gitignore
		LICENSE = LICENSE
		README.md = README.md
	EndProjectSection
EndProject
Project("{2150E333-8FDC-42A3-9474-1A3956D46DE8}") = "documentation", "documentation", "{7FFA3F99-74C2-42C1-954C-B19A352D1315}"
EndProject
Project("{2150E333-8FDC-42A3-9474-1A3956D46DE8}") = "images", "images", "{55EE7204-FD77-4D32-BFB2-5238D3702E30}"
EndProject
Project("{2150E333-8FDC-42A3-9474-1A3956D46DE8}") = "postmancollections", "postmancollections", "{78DE4558-DDEF-407E-BC9E-543B9A3F8E2B}"
	ProjectSection(SolutionItems) = preProject
		postmancollections\Tobedone.txt = postmancollections\Tobedone.txt
	EndProjectSection
EndProject
Project("{2150E333-8FDC-42A3-9474-1A3956D46DE8}") = "src", "src", "{0B4CDF65-4C6B-4486-B804-55B259C29BC6}"
EndProject
Project("{2150E333-8FDC-42A3-9474-1A3956D46DE8}") = "tests", "tests", "{BB6D37C1-5D02-4F7B-8D82-EBD892A30B5C}"
	ProjectSection(SolutionItems) = preProject
		tests\Tobedone.txt = tests\Tobedone.txt
	EndProjectSection
EndProject
Project("{9A19103F-16F7-4668-BE54-9A1E7A4F7556}") = "School.API", "src\School.API\School.API.csproj", "{AEC37F37-E44B-4270-97F0-32DC561ADDEC}"
EndProject
Project("{FAE04EC0-301F-11D3-BF4B-00C04F79EFBC}") = "School.ApplicationCore", "src\School.ApplicationCore\School.ApplicationCore.csproj", "{A8F2042E-A134-406C-AE29-00B2D7429CD1}"
EndProject
Project("{FAE04EC0-301F-11D3-BF4B-00C04F79EFBC}") = "School.Data", "src\School.Data\School.Data.csproj", "{3541BC0B-8813-4184-88D2-34F3EF5C6B4A}"
EndProject
Global
	GlobalSection(SolutionConfigurationPlatforms) = preSolution
		Debug|Any CPU = Debug|Any CPU
		Release|Any CPU = Release|Any CPU
	EndGlobalSection
	GlobalSection(ProjectConfigurationPlatforms) = postSolution
		{AEC37F37-E44B-4270-97F0-32DC561ADDEC}.Debug|Any CPU.ActiveCfg = Debug|Any CPU
		{AEC37F37-E44B-4270-97F0-32DC561ADDEC}.Debug|Any CPU.Build.0 = Debug|Any CPU
		{AEC37F37-E44B-4270-97F0-32DC561ADDEC}.Release|Any CPU.ActiveCfg = Release|Any CPU
		{AEC37F37-E44B-4270-97F0-32DC561ADDEC}.Release|Any CPU.Build.0 = Release|Any CPU
		{A8F2042E-A134-406C-AE29-00B2D7429CD1}.Debug|Any CPU.ActiveCfg = Debug|Any CPU
		{A8F2042E-A134-406C-AE29-00B2D7429CD1}.Debug|Any CPU.Build.0 = Debug|Any CPU
		{A8F2042E-A134-406C-AE29-00B2D7429CD1}.Release|Any CPU.ActiveCfg = Release|Any CPU
		{A8F2042E-A134-406C-AE29-00B2D7429CD1}.Release|Any CPU.Build.0 = Release|Any CPU
		{3541BC0B-8813-4184-88D2-34F3EF5C6B4A}.Debug|Any CPU.ActiveCfg = Debug|Any CPU
		{3541BC0B-8813-4184-88D2-34F3EF5C6B4A}.Debug|Any CPU.Build.0 = Debug|Any CPU
		{3541BC0B-8813-4184-88D2-34F3EF5C6B4A}.Release|Any CPU.ActiveCfg = Release|Any CPU
		{3541BC0B-8813-4184-88D2-34F3EF5C6B4A}.Release|Any CPU.Build.0 = Release|Any CPU
	EndGlobalSection
	GlobalSection(SolutionProperties) = preSolution
		HideSolutionNode = FALSE
	EndGlobalSection
	GlobalSection(NestedProjects) = preSolution
		{55EE7204-FD77-4D32-BFB2-5238D3702E30} = {7FFA3F99-74C2-42C1-954C-B19A352D1315}
		{AEC37F37-E44B-4270-97F0-32DC561ADDEC} = {0B4CDF65-4C6B-4486-B804-55B259C29BC6}
		{A8F2042E-A134-406C-AE29-00B2D7429CD1} = {0B4CDF65-4C6B-4486-B804-55B259C29BC6}
		{3541BC0B-8813-4184-88D2-34F3EF5C6B4A} = {0B4CDF65-4C6B-4486-B804-55B259C29BC6}
	EndGlobalSection
	GlobalSection(ExtensibilityGlobals) = postSolution
		SolutionGuid = {D7634AF9-5273-46D0-85B4-1E9321C67BC5}
	EndGlobalSection
EndGlobal
